
Microsoft Visual Studio Solution File, Format Version 12.00
# Visual Studio 2013
VisualStudioVersion = 12.0.30501.0
MinimumVisualStudioVersion = 10.0.40219.1
Project("{FAE04EC0-301F-11D3-BF4B-00C04F79EFBC}") = "ActorBase.Core", "ActorBase.Core\ActorBase.Core.csproj", "{AA0C9E90-77B3-400B-ABB5-80A030042E7E}"
EndProject
Project("{FAE04EC0-301F-11D3-BF4B-00C04F79EFBC}") = "ActorBase.Core.Tests", "ActorBase.Core.Tests\ActorBase.Core.Tests.csproj", "{C1AF8276-8540-46C4-9299-2009E9F57C8D}"
EndProject
Global
	GlobalSection(SolutionConfigurationPlatforms) = preSolution
		Debug|Any CPU = Debug|Any CPU
		Release|Any CPU = Release|Any CPU
	EndGlobalSection
	GlobalSection(ProjectConfigurationPlatforms) = postSolution
		{AA0C9E90-77B3-400B-ABB5-80A030042E7E}.Debug|Any CPU.ActiveCfg = Debug|Any CPU
		{AA0C9E90-77B3-400B-ABB5-80A030042E7E}.Debug|Any CPU.Build.0 = Debug|Any CPU
		{AA0C9E90-77B3-400B-ABB5-80A030042E7E}.Release|Any CPU.ActiveCfg = Release|Any CPU
		{AA0C9E90-77B3-400B-ABB5-80A030042E7E}.Release|Any CPU.Build.0 = Release|Any CPU
		{C1AF8276-8540-46C4-9299-2009E9F57C8D}.Debug|Any CPU.ActiveCfg = Debug|Any CPU
		{C1AF8276-8540-46C4-9299-2009E9F57C8D}.Debug|Any CPU.Build.0 = Debug|Any CPU
		{C1AF8276-8540-46C4-9299-2009E9F57C8D}.Release|Any CPU.ActiveCfg = Release|Any CPU
		{C1AF8276-8540-46C4-9299-2009E9F57C8D}.Release|Any CPU.Build.0 = Release|Any CPU
	EndGlobalSection
	GlobalSection(SolutionProperties) = preSolution
		HideSolutionNode = FALSE
	EndGlobalSection
EndGlobal
